
Microsoft Visual Studio Solution File, Format Version 12.00
# Visual Studio Version 17
VisualStudioVersion = 17.0.31903.59
MinimumVisualStudioVersion = 10.0.40219.1
Project("{2150E333-8FDC-42A3-9474-1A3956D46DE8}") = "src", "src", "{E04602A0-DE88-46AA-B2C4-FD1D2404CF53}"
EndProject
Project("{2150E333-8FDC-42A3-9474-1A3956D46DE8}") = "tests", "tests", "{5524B07F-79BC-4E9C-9925-CC006C0FEBC7}"
EndProject
Project("{FAE04EC0-301F-11D3-BF4B-00C04F79EFBC}") = "ECommerce", "src\ECommerce\ECommerce.csproj", "{A595EE58-D16D-4726-A1E6-B42DA439DAED}"
EndProject
Project("{FAE04EC0-301F-11D3-BF4B-00C04F79EFBC}") = "ECommerce.Api", "src\ECommerce.Api\ECommerce.Api.csproj", "{DA187EE6-456A-444D-9437-093220021966}"
EndProject
Project("{FAE04EC0-301F-11D3-BF4B-00C04F79EFBC}") = "EndToEnd.Test", "tests\EndToEnd.Test\EndToEnd.Test.csproj", "{67408A6F-C7F1-4D31-B226-7F25BB578DE1}"
EndProject
Project("{FAE04EC0-301F-11D3-BF4B-00C04F79EFBC}") = "Integration.Test", "tests\Integration.Test\Integration.Test.csproj", "{09A64436-4F7F-43CC-82AD-F73EA1DB856E}"
EndProject
Project("{FAE04EC0-301F-11D3-BF4B-00C04F79EFBC}") = "Unit.Test", "tests\Unit.Test\Unit.Test.csproj", "{762BFCD3-F05E-4095-BA73-CDDF72B43652}"
EndProject
Project("{2150E333-8FDC-42A3-9474-1A3956D46DE8}") = "BuildingBlocks", "BuildingBlocks", "{1B794D3D-79FF-A82C-E83D-64F431B902F7}"
EndProject
Project("{2150E333-8FDC-42A3-9474-1A3956D46DE8}") = "src", "src", "{04570002-FA15-D2DE-5E0F-01D8EA05E5BA}"
EndProject
Project("{2150E333-8FDC-42A3-9474-1A3956D46DE8}") = "Core", "Core", "{FEDCA518-5087-52B9-7A68-B03AA2DC5C66}"
EndProject
Project("{FAE04EC0-301F-11D3-BF4B-00C04F79EFBC}") = "Griffin.Core", "src\BuildingBlocks\src\Core\Griffin.Core.csproj", "{57B2F6F2-DC3E-4C5A-BE57-F10FEB3E836B}"
EndProject
Project("{2150E333-8FDC-42A3-9474-1A3956D46DE8}") = "Utils", "Utils", "{E68C34EA-541F-06E1-9615-A8FB812F12FD}"
EndProject
Project("{FAE04EC0-301F-11D3-BF4B-00C04F79EFBC}") = "Griffin.Utils", "src\BuildingBlocks\src\Utils\Griffin.Utils.csproj", "{0FB16F6F-31EC-4B93-BE71-85646492AFDB}"
EndProject
Project("{2150E333-8FDC-42A3-9474-1A3956D46DE8}") = "Polly", "Polly", "{8F0E7FA0-4C14-F6DA-BBB0-5D839044BCD6}"
EndProject
Project("{FAE04EC0-301F-11D3-BF4B-00C04F79EFBC}") = "Griffin.Polly", "src\BuildingBlocks\src\Polly\Griffin.Polly.csproj", "{A9AF94CF-2633-4622-9A90-D82583130DCD}"
EndProject
Project("{2150E333-8FDC-42A3-9474-1A3956D46DE8}") = "Web", "Web", "{BBA2A5D3-A241-3F9A-19ED-08EEC528F556}"
EndProject
Project("{FAE04EC0-301F-11D3-BF4B-00C04F79EFBC}") = "Griffin.Web", "src\BuildingBlocks\src\Web\Griffin.Web.csproj", "{69090C4E-0B3B-4858-A231-0BDDFDAC6FED}"
EndProject
Project("{2150E333-8FDC-42A3-9474-1A3956D46DE8}") = "EFCore", "EFCore", "{0DEBE0EE-8B3F-860A-7739-D613D3CDF97B}"
EndProject
Project("{FAE04EC0-301F-11D3-BF4B-00C04F79EFBC}") = "Griffin.EFCore", "src\BuildingBlocks\src\EFCore\Griffin.EFCore.csproj", "{FCC7F46D-5175-4B59-B012-9D8F0C5E668A}"
EndProject
Project("{2150E333-8FDC-42A3-9474-1A3956D46DE8}") = "Validation", "Validation", "{021D5D77-2D91-A6CB-B73F-864A6C6603E7}"
EndProject
Project("{FAE04EC0-301F-11D3-BF4B-00C04F79EFBC}") = "Griffin.Validation", "src\BuildingBlocks\src\Validation\Griffin.Validation.csproj", "{B54D676C-E0E9-43D7-82F5-2EB50BBA25C5}"
EndProject
Project("{2150E333-8FDC-42A3-9474-1A3956D46DE8}") = "OpenApi", "OpenApi", "{5A1CE5CC-22E7-241E-8886-3D8C03CCD4AC}"
EndProject
Project("{FAE04EC0-301F-11D3-BF4B-00C04F79EFBC}") = "Griffin.OpenApi", "src\BuildingBlocks\src\OpenApi\Griffin.OpenApi.csproj", "{3BF3B0E3-7530-46F4-BB25-1B2AC6AC9BC8}"
EndProject
Project("{2150E333-8FDC-42A3-9474-1A3956D46DE8}") = "ProblemDetails", "ProblemDetails", "{B8001EF3-9708-32FC-C33B-B574550FF676}"
EndProject
Project("{FAE04EC0-301F-11D3-BF4B-00C04F79EFBC}") = "Griffin.ProblemDetails", "src\BuildingBlocks\src\ProblemDetails\Griffin.ProblemDetails.csproj", "{D0C877A0-D344-4D44-A0C4-64113AB44E2E}"
EndProject
Project("{2150E333-8FDC-42A3-9474-1A3956D46DE8}") = "Log", "Log", "{73577BE3-B179-790C-F00F-BD4CC88BC363}"
EndProject
Project("{FAE04EC0-301F-11D3-BF4B-00C04F79EFBC}") = "Griffin.Log", "src\BuildingBlocks\src\Log\Griffin.Log.csproj", "{F2802759-D502-47D4-8FFE-2904AA44D29A}"
EndProject
Project("{2150E333-8FDC-42A3-9474-1A3956D46DE8}") = "TestBase", "TestBase", "{A1EAA235-566A-ECA8-1B90-13C30FD15D29}"
EndProject
Project("{FAE04EC0-301F-11D3-BF4B-00C04F79EFBC}") = "ECommerce.TestBase", "tests\TestBase\ECommerce.TestBase.csproj", "{82D4DAFA-D253-4892-96FB-2A64B164E53F}"
EndProject
Global
	GlobalSection(SolutionConfigurationPlatforms) = preSolution
		Debug|Any CPU = Debug|Any CPU
		Debug|x64 = Debug|x64
		Debug|x86 = Debug|x86
		Release|Any CPU = Release|Any CPU
		Release|x64 = Release|x64
		Release|x86 = Release|x86
	EndGlobalSection
	GlobalSection(ProjectConfigurationPlatforms) = postSolution
		{A595EE58-D16D-4726-A1E6-B42DA439DAED}.Debug|Any CPU.ActiveCfg = Debug|Any CPU
		{A595EE58-D16D-4726-A1E6-B42DA439DAED}.Debug|Any CPU.Build.0 = Debug|Any CPU
		{A595EE58-D16D-4726-A1E6-B42DA439DAED}.Debug|x64.ActiveCfg = Debug|Any CPU
		{A595EE58-D16D-4726-A1E6-B42DA439DAED}.Debug|x64.Build.0 = Debug|Any CPU
		{A595EE58-D16D-4726-A1E6-B42DA439DAED}.Debug|x86.ActiveCfg = Debug|Any CPU
		{A595EE58-D16D-4726-A1E6-B42DA439DAED}.Debug|x86.Build.0 = Debug|Any CPU
		{A595EE58-D16D-4726-A1E6-B42DA439DAED}.Release|Any CPU.ActiveCfg = Release|Any CPU
		{A595EE58-D16D-4726-A1E6-B42DA439DAED}.Release|Any CPU.Build.0 = Release|Any CPU
		{A595EE58-D16D-4726-A1E6-B42DA439DAED}.Release|x64.ActiveCfg = Release|Any CPU
		{A595EE58-D16D-4726-A1E6-B42DA439DAED}.Release|x64.Build.0 = Release|Any CPU
		{A595EE58-D16D-4726-A1E6-B42DA439DAED}.Release|x86.ActiveCfg = Release|Any CPU
		{A595EE58-D16D-4726-A1E6-B42DA439DAED}.Release|x86.Build.0 = Release|Any CPU
		{DA187EE6-456A-444D-9437-093220021966}.Debug|Any CPU.ActiveCfg = Debug|Any CPU
		{DA187EE6-456A-444D-9437-093220021966}.Debug|Any CPU.Build.0 = Debug|Any CPU
		{DA187EE6-456A-444D-9437-093220021966}.Debug|x64.ActiveCfg = Debug|Any CPU
		{DA187EE6-456A-444D-9437-093220021966}.Debug|x64.Build.0 = Debug|Any CPU
		{DA187EE6-456A-444D-9437-093220021966}.Debug|x86.ActiveCfg = Debug|Any CPU
		{DA187EE6-456A-444D-9437-093220021966}.Debug|x86.Build.0 = Debug|Any CPU
		{DA187EE6-456A-444D-9437-093220021966}.Release|Any CPU.ActiveCfg = Release|Any CPU
		{DA187EE6-456A-444D-9437-093220021966}.Release|Any CPU.Build.0 = Release|Any CPU
		{DA187EE6-456A-444D-9437-093220021966}.Release|x64.ActiveCfg = Release|Any CPU
		{DA187EE6-456A-444D-9437-093220021966}.Release|x64.Build.0 = Release|Any CPU
		{DA187EE6-456A-444D-9437-093220021966}.Release|x86.ActiveCfg = Release|Any CPU
		{DA187EE6-456A-444D-9437-093220021966}.Release|x86.Build.0 = Release|Any CPU
		{67408A6F-C7F1-4D31-B226-7F25BB578DE1}.Debug|Any CPU.ActiveCfg = Debug|Any CPU
		{67408A6F-C7F1-4D31-B226-7F25BB578DE1}.Debug|Any CPU.Build.0 = Debug|Any CPU
		{67408A6F-C7F1-4D31-B226-7F25BB578DE1}.Debug|x64.ActiveCfg = Debug|Any CPU
		{67408A6F-C7F1-4D31-B226-7F25BB578DE1}.Debug|x64.Build.0 = Debug|Any CPU
		{67408A6F-C7F1-4D31-B226-7F25BB578DE1}.Debug|x86.ActiveCfg = Debug|Any CPU
		{67408A6F-C7F1-4D31-B226-7F25BB578DE1}.Debug|x86.Build.0 = Debug|Any CPU
		{67408A6F-C7F1-4D31-B226-7F25BB578DE1}.Release|Any CPU.ActiveCfg = Release|Any CPU
		{67408A6F-C7F1-4D31-B226-7F25BB578DE1}.Release|Any CPU.Build.0 = Release|Any CPU
		{67408A6F-C7F1-4D31-B226-7F25BB578DE1}.Release|x64.ActiveCfg = Release|Any CPU
		{67408A6F-C7F1-4D31-B226-7F25BB578DE1}.Release|x64.Build.0 = Release|Any CPU
		{67408A6F-C7F1-4D31-B226-7F25BB578DE1}.Release|x86.ActiveCfg = Release|Any CPU
		{67408A6F-C7F1-4D31-B226-7F25BB578DE1}.Release|x86.Build.0 = Release|Any CPU
		{09A64436-4F7F-43CC-82AD-F73EA1DB856E}.Debug|Any CPU.ActiveCfg = Debug|Any CPU
		{09A64436-4F7F-43CC-82AD-F73EA1DB856E}.Debug|Any CPU.Build.0 = Debug|Any CPU
		{09A64436-4F7F-43CC-82AD-F73EA1DB856E}.Debug|x64.ActiveCfg = Debug|Any CPU
		{09A64436-4F7F-43CC-82AD-F73EA1DB856E}.Debug|x64.Build.0 = Debug|Any CPU
		{09A64436-4F7F-43CC-82AD-F73EA1DB856E}.Debug|x86.ActiveCfg = Debug|Any CPU
		{09A64436-4F7F-43CC-82AD-F73EA1DB856E}.Debug|x86.Build.0 = Debug|Any CPU
		{09A64436-4F7F-43CC-82AD-F73EA1DB856E}.Release|Any CPU.ActiveCfg = Release|Any CPU
		{09A64436-4F7F-43CC-82AD-F73EA1DB856E}.Release|Any CPU.Build.0 = Release|Any CPU
		{09A64436-4F7F-43CC-82AD-F73EA1DB856E}.Release|x64.ActiveCfg = Release|Any CPU
		{09A64436-4F7F-43CC-82AD-F73EA1DB856E}.Release|x64.Build.0 = Release|Any CPU
		{09A64436-4F7F-43CC-82AD-F73EA1DB856E}.Release|x86.ActiveCfg = Release|Any CPU
		{09A64436-4F7F-43CC-82AD-F73EA1DB856E}.Release|x86.Build.0 = Release|Any CPU
		{762BFCD3-F05E-4095-BA73-CDDF72B43652}.Debug|Any CPU.ActiveCfg = Debug|Any CPU
		{762BFCD3-F05E-4095-BA73-CDDF72B43652}.Debug|Any CPU.Build.0 = Debug|Any CPU
		{762BFCD3-F05E-4095-BA73-CDDF72B43652}.Debug|x64.ActiveCfg = Debug|Any CPU
		{762BFCD3-F05E-4095-BA73-CDDF72B43652}.Debug|x64.Build.0 = Debug|Any CPU
		{762BFCD3-F05E-4095-BA73-CDDF72B43652}.Debug|x86.ActiveCfg = Debug|Any CPU
		{762BFCD3-F05E-4095-BA73-CDDF72B43652}.Debug|x86.Build.0 = Debug|Any CPU
		{762BFCD3-F05E-4095-BA73-CDDF72B43652}.Release|Any CPU.ActiveCfg = Release|Any CPU
		{762BFCD3-F05E-4095-BA73-CDDF72B43652}.Release|Any CPU.Build.0 = Release|Any CPU
		{762BFCD3-F05E-4095-BA73-CDDF72B43652}.Release|x64.ActiveCfg = Release|Any CPU
		{762BFCD3-F05E-4095-BA73-CDDF72B43652}.Release|x64.Build.0 = Release|Any CPU
		{762BFCD3-F05E-4095-BA73-CDDF72B43652}.Release|x86.ActiveCfg = Release|Any CPU
		{762BFCD3-F05E-4095-BA73-CDDF72B43652}.Release|x86.Build.0 = Release|Any CPU
		{57B2F6F2-DC3E-4C5A-BE57-F10FEB3E836B}.Debug|Any CPU.ActiveCfg = Debug|Any CPU
		{57B2F6F2-DC3E-4C5A-BE57-F10FEB3E836B}.Debug|Any CPU.Build.0 = Debug|Any CPU
		{57B2F6F2-DC3E-4C5A-BE57-F10FEB3E836B}.Debug|x64.ActiveCfg = Debug|Any CPU
		{57B2F6F2-DC3E-4C5A-BE57-F10FEB3E836B}.Debug|x64.Build.0 = Debug|Any CPU
		{57B2F6F2-DC3E-4C5A-BE57-F10FEB3E836B}.Debug|x86.ActiveCfg = Debug|Any CPU
		{57B2F6F2-DC3E-4C5A-BE57-F10FEB3E836B}.Debug|x86.Build.0 = Debug|Any CPU
		{57B2F6F2-DC3E-4C5A-BE57-F10FEB3E836B}.Release|Any CPU.ActiveCfg = Release|Any CPU
		{57B2F6F2-DC3E-4C5A-BE57-F10FEB3E836B}.Release|Any CPU.Build.0 = Release|Any CPU
		{57B2F6F2-DC3E-4C5A-BE57-F10FEB3E836B}.Release|x64.ActiveCfg = Release|Any CPU
		{57B2F6F2-DC3E-4C5A-BE57-F10FEB3E836B}.Release|x64.Build.0 = Release|Any CPU
		{57B2F6F2-DC3E-4C5A-BE57-F10FEB3E836B}.Release|x86.ActiveCfg = Release|Any CPU
		{57B2F6F2-DC3E-4C5A-BE57-F10FEB3E836B}.Release|x86.Build.0 = Release|Any CPU
		{0FB16F6F-31EC-4B93-BE71-85646492AFDB}.Debug|Any CPU.ActiveCfg = Debug|Any CPU
		{0FB16F6F-31EC-4B93-BE71-85646492AFDB}.Debug|Any CPU.Build.0 = Debug|Any CPU
		{0FB16F6F-31EC-4B93-BE71-85646492AFDB}.Debug|x64.ActiveCfg = Debug|Any CPU
		{0FB16F6F-31EC-4B93-BE71-85646492AFDB}.Debug|x64.Build.0 = Debug|Any CPU
		{0FB16F6F-31EC-4B93-BE71-85646492AFDB}.Debug|x86.ActiveCfg = Debug|Any CPU
		{0FB16F6F-31EC-4B93-BE71-85646492AFDB}.Debug|x86.Build.0 = Debug|Any CPU
		{0FB16F6F-31EC-4B93-BE71-85646492AFDB}.Release|Any CPU.ActiveCfg = Release|Any CPU
		{0FB16F6F-31EC-4B93-BE71-85646492AFDB}.Release|Any CPU.Build.0 = Release|Any CPU
		{0FB16F6F-31EC-4B93-BE71-85646492AFDB}.Release|x64.ActiveCfg = Release|Any CPU
		{0FB16F6F-31EC-4B93-BE71-85646492AFDB}.Release|x64.Build.0 = Release|Any CPU
		{0FB16F6F-31EC-4B93-BE71-85646492AFDB}.Release|x86.ActiveCfg = Release|Any CPU
		{0FB16F6F-31EC-4B93-BE71-85646492AFDB}.Release|x86.Build.0 = Release|Any CPU
		{A9AF94CF-2633-4622-9A90-D82583130DCD}.Debug|Any CPU.ActiveCfg = Debug|Any CPU
		{A9AF94CF-2633-4622-9A90-D82583130DCD}.Debug|Any CPU.Build.0 = Debug|Any CPU
		{A9AF94CF-2633-4622-9A90-D82583130DCD}.Debug|x64.ActiveCfg = Debug|Any CPU
		{A9AF94CF-2633-4622-9A90-D82583130DCD}.Debug|x64.Build.0 = Debug|Any CPU
		{A9AF94CF-2633-4622-9A90-D82583130DCD}.Debug|x86.ActiveCfg = Debug|Any CPU
		{A9AF94CF-2633-4622-9A90-D82583130DCD}.Debug|x86.Build.0 = Debug|Any CPU
		{A9AF94CF-2633-4622-9A90-D82583130DCD}.Release|Any CPU.ActiveCfg = Release|Any CPU
		{A9AF94CF-2633-4622-9A90-D82583130DCD}.Release|Any CPU.Build.0 = Release|Any CPU
		{A9AF94CF-2633-4622-9A90-D82583130DCD}.Release|x64.ActiveCfg = Release|Any CPU
		{A9AF94CF-2633-4622-9A90-D82583130DCD}.Release|x64.Build.0 = Release|Any CPU
		{A9AF94CF-2633-4622-9A90-D82583130DCD}.Release|x86.ActiveCfg = Release|Any CPU
		{A9AF94CF-2633-4622-9A90-D82583130DCD}.Release|x86.Build.0 = Release|Any CPU
		{69090C4E-0B3B-4858-A231-0BDDFDAC6FED}.Debug|Any CPU.ActiveCfg = Debug|Any CPU
		{69090C4E-0B3B-4858-A231-0BDDFDAC6FED}.Debug|Any CPU.Build.0 = Debug|Any CPU
		{69090C4E-0B3B-4858-A231-0BDDFDAC6FED}.Debug|x64.ActiveCfg = Debug|Any CPU
		{69090C4E-0B3B-4858-A231-0BDDFDAC6FED}.Debug|x64.Build.0 = Debug|Any CPU
		{69090C4E-0B3B-4858-A231-0BDDFDAC6FED}.Debug|x86.ActiveCfg = Debug|Any CPU
		{69090C4E-0B3B-4858-A231-0BDDFDAC6FED}.Debug|x86.Build.0 = Debug|Any CPU
		{69090C4E-0B3B-4858-A231-0BDDFDAC6FED}.Release|Any CPU.ActiveCfg = Release|Any CPU
		{69090C4E-0B3B-4858-A231-0BDDFDAC6FED}.Release|Any CPU.Build.0 = Release|Any CPU
		{69090C4E-0B3B-4858-A231-0BDDFDAC6FED}.Release|x64.ActiveCfg = Release|Any CPU
		{69090C4E-0B3B-4858-A231-0BDDFDAC6FED}.Release|x64.Build.0 = Release|Any CPU
		{69090C4E-0B3B-4858-A231-0BDDFDAC6FED}.Release|x86.ActiveCfg = Release|Any CPU
		{69090C4E-0B3B-4858-A231-0BDDFDAC6FED}.Release|x86.Build.0 = Release|Any CPU
		{FCC7F46D-5175-4B59-B012-9D8F0C5E668A}.Debug|Any CPU.ActiveCfg = Debug|Any CPU
		{FCC7F46D-5175-4B59-B012-9D8F0C5E668A}.Debug|Any CPU.Build.0 = Debug|Any CPU
		{FCC7F46D-5175-4B59-B012-9D8F0C5E668A}.Debug|x64.ActiveCfg = Debug|Any CPU
		{FCC7F46D-5175-4B59-B012-9D8F0C5E668A}.Debug|x64.Build.0 = Debug|Any CPU
		{FCC7F46D-5175-4B59-B012-9D8F0C5E668A}.Debug|x86.ActiveCfg = Debug|Any CPU
		{FCC7F46D-5175-4B59-B012-9D8F0C5E668A}.Debug|x86.Build.0 = Debug|Any CPU
		{FCC7F46D-5175-4B59-B012-9D8F0C5E668A}.Release|Any CPU.ActiveCfg = Release|Any CPU
		{FCC7F46D-5175-4B59-B012-9D8F0C5E668A}.Release|Any CPU.Build.0 = Release|Any CPU
		{FCC7F46D-5175-4B59-B012-9D8F0C5E668A}.Release|x64.ActiveCfg = Release|Any CPU
		{FCC7F46D-5175-4B59-B012-9D8F0C5E668A}.Release|x64.Build.0 = Release|Any CPU
		{FCC7F46D-5175-4B59-B012-9D8F0C5E668A}.Release|x86.ActiveCfg = Release|Any CPU
		{FCC7F46D-5175-4B59-B012-9D8F0C5E668A}.Release|x86.Build.0 = Release|Any CPU
		{B54D676C-E0E9-43D7-82F5-2EB50BBA25C5}.Debug|Any CPU.ActiveCfg = Debug|Any CPU
		{B54D676C-E0E9-43D7-82F5-2EB50BBA25C5}.Debug|Any CPU.Build.0 = Debug|Any CPU
		{B54D676C-E0E9-43D7-82F5-2EB50BBA25C5}.Debug|x64.ActiveCfg = Debug|Any CPU
		{B54D676C-E0E9-43D7-82F5-2EB50BBA25C5}.Debug|x64.Build.0 = Debug|Any CPU
		{B54D676C-E0E9-43D7-82F5-2EB50BBA25C5}.Debug|x86.ActiveCfg = Debug|Any CPU
		{B54D676C-E0E9-43D7-82F5-2EB50BBA25C5}.Debug|x86.Build.0 = Debug|Any CPU
		{B54D676C-E0E9-43D7-82F5-2EB50BBA25C5}.Release|Any CPU.ActiveCfg = Release|Any CPU
		{B54D676C-E0E9-43D7-82F5-2EB50BBA25C5}.Release|Any CPU.Build.0 = Release|Any CPU
		{B54D676C-E0E9-43D7-82F5-2EB50BBA25C5}.Release|x64.ActiveCfg = Release|Any CPU
		{B54D676C-E0E9-43D7-82F5-2EB50BBA25C5}.Release|x64.Build.0 = Release|Any CPU
		{B54D676C-E0E9-43D7-82F5-2EB50BBA25C5}.Release|x86.ActiveCfg = Release|Any CPU
		{B54D676C-E0E9-43D7-82F5-2EB50BBA25C5}.Release|x86.Build.0 = Release|Any CPU
		{3BF3B0E3-7530-46F4-BB25-1B2AC6AC9BC8}.Debug|Any CPU.ActiveCfg = Debug|Any CPU
		{3BF3B0E3-7530-46F4-BB25-1B2AC6AC9BC8}.Debug|Any CPU.Build.0 = Debug|Any CPU
		{3BF3B0E3-7530-46F4-BB25-1B2AC6AC9BC8}.Debug|x64.ActiveCfg = Debug|Any CPU
		{3BF3B0E3-7530-46F4-BB25-1B2AC6AC9BC8}.Debug|x64.Build.0 = Debug|Any CPU
		{3BF3B0E3-7530-46F4-BB25-1B2AC6AC9BC8}.Debug|x86.ActiveCfg = Debug|Any CPU
		{3BF3B0E3-7530-46F4-BB25-1B2AC6AC9BC8}.Debug|x86.Build.0 = Debug|Any CPU
		{3BF3B0E3-7530-46F4-BB25-1B2AC6AC9BC8}.Release|Any CPU.ActiveCfg = Release|Any CPU
		{3BF3B0E3-7530-46F4-BB25-1B2AC6AC9BC8}.Release|Any CPU.Build.0 = Release|Any CPU
		{3BF3B0E3-7530-46F4-BB25-1B2AC6AC9BC8}.Release|x64.ActiveCfg = Release|Any CPU
		{3BF3B0E3-7530-46F4-BB25-1B2AC6AC9BC8}.Release|x64.Build.0 = Release|Any CPU
		{3BF3B0E3-7530-46F4-BB25-1B2AC6AC9BC8}.Release|x86.ActiveCfg = Release|Any CPU
		{3BF3B0E3-7530-46F4-BB25-1B2AC6AC9BC8}.Release|x86.Build.0 = Release|Any CPU
		{D0C877A0-D344-4D44-A0C4-64113AB44E2E}.Debug|Any CPU.ActiveCfg = Debug|Any CPU
		{D0C877A0-D344-4D44-A0C4-64113AB44E2E}.Debug|Any CPU.Build.0 = Debug|Any CPU
		{D0C877A0-D344-4D44-A0C4-64113AB44E2E}.Debug|x64.ActiveCfg = Debug|Any CPU
		{D0C877A0-D344-4D44-A0C4-64113AB44E2E}.Debug|x64.Build.0 = Debug|Any CPU
		{D0C877A0-D344-4D44-A0C4-64113AB44E2E}.Debug|x86.ActiveCfg = Debug|Any CPU
		{D0C877A0-D344-4D44-A0C4-64113AB44E2E}.Debug|x86.Build.0 = Debug|Any CPU
		{D0C877A0-D344-4D44-A0C4-64113AB44E2E}.Release|Any CPU.ActiveCfg = Release|Any CPU
		{D0C877A0-D344-4D44-A0C4-64113AB44E2E}.Release|Any CPU.Build.0 = Release|Any CPU
		{D0C877A0-D344-4D44-A0C4-64113AB44E2E}.Release|x64.ActiveCfg = Release|Any CPU
		{D0C877A0-D344-4D44-A0C4-64113AB44E2E}.Release|x64.Build.0 = Release|Any CPU
		{D0C877A0-D344-4D44-A0C4-64113AB44E2E}.Release|x86.ActiveCfg = Release|Any CPU
		{D0C877A0-D344-4D44-A0C4-64113AB44E2E}.Release|x86.Build.0 = Release|Any CPU
		{F2802759-D502-47D4-8FFE-2904AA44D29A}.Debug|Any CPU.ActiveCfg = Debug|Any CPU
		{F2802759-D502-47D4-8FFE-2904AA44D29A}.Debug|Any CPU.Build.0 = Debug|Any CPU
		{F2802759-D502-47D4-8FFE-2904AA44D29A}.Debug|x64.ActiveCfg = Debug|Any CPU
		{F2802759-D502-47D4-8FFE-2904AA44D29A}.Debug|x64.Build.0 = Debug|Any CPU
		{F2802759-D502-47D4-8FFE-2904AA44D29A}.Debug|x86.ActiveCfg = Debug|Any CPU
		{F2802759-D502-47D4-8FFE-2904AA44D29A}.Debug|x86.Build.0 = Debug|Any CPU
		{F2802759-D502-47D4-8FFE-2904AA44D29A}.Release|Any CPU.ActiveCfg = Release|Any CPU
		{F2802759-D502-47D4-8FFE-2904AA44D29A}.Release|Any CPU.Build.0 = Release|Any CPU
		{F2802759-D502-47D4-8FFE-2904AA44D29A}.Release|x64.ActiveCfg = Release|Any CPU
		{F2802759-D502-47D4-8FFE-2904AA44D29A}.Release|x64.Build.0 = Release|Any CPU
		{F2802759-D502-47D4-8FFE-2904AA44D29A}.Release|x86.ActiveCfg = Release|Any CPU
		{F2802759-D502-47D4-8FFE-2904AA44D29A}.Release|x86.Build.0 = Release|Any CPU
		{82D4DAFA-D253-4892-96FB-2A64B164E53F}.Debug|Any CPU.ActiveCfg = Debug|Any CPU
		{82D4DAFA-D253-4892-96FB-2A64B164E53F}.Debug|Any CPU.Build.0 = Debug|Any CPU
		{82D4DAFA-D253-4892-96FB-2A64B164E53F}.Debug|x64.ActiveCfg = Debug|Any CPU
		{82D4DAFA-D253-4892-96FB-2A64B164E53F}.Debug|x64.Build.0 = Debug|Any CPU
		{82D4DAFA-D253-4892-96FB-2A64B164E53F}.Debug|x86.ActiveCfg = Debug|Any CPU
		{82D4DAFA-D253-4892-96FB-2A64B164E53F}.Debug|x86.Build.0 = Debug|Any CPU
		{82D4DAFA-D253-4892-96FB-2A64B164E53F}.Release|Any CPU.ActiveCfg = Release|Any CPU
		{82D4DAFA-D253-4892-96FB-2A64B164E53F}.Release|Any CPU.Build.0 = Release|Any CPU
		{82D4DAFA-D253-4892-96FB-2A64B164E53F}.Release|x64.ActiveCfg = Release|Any CPU
		{82D4DAFA-D253-4892-96FB-2A64B164E53F}.Release|x64.Build.0 = Release|Any CPU
		{82D4DAFA-D253-4892-96FB-2A64B164E53F}.Release|x86.ActiveCfg = Release|Any CPU
		{82D4DAFA-D253-4892-96FB-2A64B164E53F}.Release|x86.Build.0 = Release|Any CPU
	EndGlobalSection
	GlobalSection(SolutionProperties) = preSolution
		HideSolutionNode = FALSE
	EndGlobalSection
	GlobalSection(NestedProjects) = preSolution
		{A595EE58-D16D-4726-A1E6-B42DA439DAED} = {E04602A0-DE88-46AA-B2C4-FD1D2404CF53}
		{DA187EE6-456A-444D-9437-093220021966} = {E04602A0-DE88-46AA-B2C4-FD1D2404CF53}
		{67408A6F-C7F1-4D31-B226-7F25BB578DE1} = {5524B07F-79BC-4E9C-9925-CC006C0FEBC7}
		{09A64436-4F7F-43CC-82AD-F73EA1DB856E} = {5524B07F-79BC-4E9C-9925-CC006C0FEBC7}
		{762BFCD3-F05E-4095-BA73-CDDF72B43652} = {5524B07F-79BC-4E9C-9925-CC006C0FEBC7}
		{1B794D3D-79FF-A82C-E83D-64F431B902F7} = {E04602A0-DE88-46AA-B2C4-FD1D2404CF53}
		{04570002-FA15-D2DE-5E0F-01D8EA05E5BA} = {1B794D3D-79FF-A82C-E83D-64F431B902F7}
		{FEDCA518-5087-52B9-7A68-B03AA2DC5C66} = {04570002-FA15-D2DE-5E0F-01D8EA05E5BA}
		{57B2F6F2-DC3E-4C5A-BE57-F10FEB3E836B} = {FEDCA518-5087-52B9-7A68-B03AA2DC5C66}
		{E68C34EA-541F-06E1-9615-A8FB812F12FD} = {04570002-FA15-D2DE-5E0F-01D8EA05E5BA}
		{0FB16F6F-31EC-4B93-BE71-85646492AFDB} = {E68C34EA-541F-06E1-9615-A8FB812F12FD}
		{8F0E7FA0-4C14-F6DA-BBB0-5D839044BCD6} = {04570002-FA15-D2DE-5E0F-01D8EA05E5BA}
		{A9AF94CF-2633-4622-9A90-D82583130DCD} = {8F0E7FA0-4C14-F6DA-BBB0-5D839044BCD6}
		{BBA2A5D3-A241-3F9A-19ED-08EEC528F556} = {04570002-FA15-D2DE-5E0F-01D8EA05E5BA}
		{69090C4E-0B3B-4858-A231-0BDDFDAC6FED} = {BBA2A5D3-A241-3F9A-19ED-08EEC528F556}
		{0DEBE0EE-8B3F-860A-7739-D613D3CDF97B} = {04570002-FA15-D2DE-5E0F-01D8EA05E5BA}
		{FCC7F46D-5175-4B59-B012-9D8F0C5E668A} = {0DEBE0EE-8B3F-860A-7739-D613D3CDF97B}
		{021D5D77-2D91-A6CB-B73F-864A6C6603E7} = {04570002-FA15-D2DE-5E0F-01D8EA05E5BA}
		{B54D676C-E0E9-43D7-82F5-2EB50BBA25C5} = {021D5D77-2D91-A6CB-B73F-864A6C6603E7}
		{5A1CE5CC-22E7-241E-8886-3D8C03CCD4AC} = {04570002-FA15-D2DE-5E0F-01D8EA05E5BA}
		{3BF3B0E3-7530-46F4-BB25-1B2AC6AC9BC8} = {5A1CE5CC-22E7-241E-8886-3D8C03CCD4AC}
		{B8001EF3-9708-32FC-C33B-B574550FF676} = {04570002-FA15-D2DE-5E0F-01D8EA05E5BA}
		{D0C877A0-D344-4D44-A0C4-64113AB44E2E} = {B8001EF3-9708-32FC-C33B-B574550FF676}
		{73577BE3-B179-790C-F00F-BD4CC88BC363} = {04570002-FA15-D2DE-5E0F-01D8EA05E5BA}
		{F2802759-D502-47D4-8FFE-2904AA44D29A} = {73577BE3-B179-790C-F00F-BD4CC88BC363}
		{A1EAA235-566A-ECA8-1B90-13C30FD15D29} = {5524B07F-79BC-4E9C-9925-CC006C0FEBC7}
		{82D4DAFA-D253-4892-96FB-2A64B164E53F} = {A1EAA235-566A-ECA8-1B90-13C30FD15D29}
	EndGlobalSection
EndGlobal
